
Microsoft Visual Studio Solution File, Format Version 12.00
# Visual Studio Version 17
VisualStudioVersion = 17.0.31903.59
MinimumVisualStudioVersion = 10.0.40219.1
Project("{9A19103F-16F7-4668-BE54-9A1E7A4F7556}") = "Customer.API", "Customer.API\Customer.API.csproj", "{1D0BA67B-F376-47AD-9CF6-B513504AC2DC}"
EndProject
Project("{9A19103F-16F7-4668-BE54-9A1E7A4F7556}") = "Customer.Application", "Customer.Application\Customer.Application.csproj", "{379BEE29-0AD5-4A30-A714-02C701E24C78}"
EndProject
Project("{9A19103F-16F7-4668-BE54-9A1E7A4F7556}") = "Customer.Domain", "Customer.Domain\Customer.Domain.csproj", "{B02CF208-9543-4EB0-93C2-4BF399AAC8BF}"
EndProject
Project("{9A19103F-16F7-4668-BE54-9A1E7A4F7556}") = "Customer.Infrastructure", "Customer.Infrastructure\Customer.Infrastructure.csproj", "{8FDD97B6-F73F-4DA5-AC3E-D845367994F3}"
EndProject
Global
	GlobalSection(SolutionConfigurationPlatforms) = preSolution
		Debug|Any CPU = Debug|Any CPU
		Release|Any CPU = Release|Any CPU
	EndGlobalSection
	GlobalSection(ProjectConfigurationPlatforms) = postSolution
		{1D0BA67B-F376-47AD-9CF6-B513504AC2DC}.Debug|Any CPU.ActiveCfg = Debug|Any CPU
		{1D0BA67B-F376-47AD-9CF6-B513504AC2DC}.Debug|Any CPU.Build.0 = Debug|Any CPU
		{1D0BA67B-F376-47AD-9CF6-B513504AC2DC}.Release|Any CPU.ActiveCfg = Release|Any CPU
		{1D0BA67B-F376-47AD-9CF6-B513504AC2DC}.Release|Any CPU.Build.0 = Release|Any CPU
		{379BEE29-0AD5-4A30-A714-02C701E24C78}.Debug|Any CPU.ActiveCfg = Debug|Any CPU
		{379BEE29-0AD5-4A30-A714-02C701E24C78}.Debug|Any CPU.Build.0 = Debug|Any CPU
		{379BEE29-0AD5-4A30-A714-02C701E24C78}.Release|Any CPU.ActiveCfg = Release|Any CPU
		{379BEE29-0AD5-4A30-A714-02C701E24C78}.Release|Any CPU.Build.0 = Release|Any CPU
		{B02CF208-9543-4EB0-93C2-4BF399AAC8BF}.Debug|Any CPU.ActiveCfg = Debug|Any CPU
		{B02CF208-9543-4EB0-93C2-4BF399AAC8BF}.Debug|Any CPU.Build.0 = Debug|Any CPU
		{B02CF208-9543-4EB0-93C2-4BF399AAC8BF}.Release|Any CPU.ActiveCfg = Release|Any CPU
		{B02CF208-9543-4EB0-93C2-4BF399AAC8BF}.Release|Any CPU.Build.0 = Release|Any CPU
		{8FDD97B6-F73F-4DA5-AC3E-D845367994F3}.Debug|Any CPU.ActiveCfg = Debug|Any CPU
		{8FDD97B6-F73F-4DA5-AC3E-D845367994F3}.Debug|Any CPU.Build.0 = Debug|Any CPU
		{8FDD97B6-F73F-4DA5-AC3E-D845367994F3}.Release|Any CPU.ActiveCfg = Release|Any CPU
		{8FDD97B6-F73F-4DA5-AC3E-D845367994F3}.Release|Any CPU.Build.0 = Release|Any CPU
	EndGlobalSection
	GlobalSection(SolutionProperties) = preSolution
		HideSolutionNode = FALSE
	EndGlobalSection
EndGlobal
